
Microsoft Visual Studio Solution File, Format Version 12.00
# Visual Studio Version 17
VisualStudioVersion = 17.7.34202.233
MinimumVisualStudioVersion = 10.0.40219.1
Project("{FAE04EC0-301F-11D3-BF4B-00C04F79EFBC}") = "VeterinerOtomasyonu", "VeterinerOtomasyonu\VeterinerOtomasyonu.csproj", "{31CA532D-517B-4CE2-AFDD-ACE39293493B}"
EndProject
Global
	GlobalSection(SolutionConfigurationPlatforms) = preSolution
		Debug|Any CPU = Debug|Any CPU
		Release|Any CPU = Release|Any CPU
	EndGlobalSection
	GlobalSection(ProjectConfigurationPlatforms) = postSolution
		{31CA532D-517B-4CE2-AFDD-ACE39293493B}.Debug|Any CPU.ActiveCfg = Debug|Any CPU
		{31CA532D-517B-4CE2-AFDD-ACE39293493B}.Debug|Any CPU.Build.0 = Debug|Any CPU
		{31CA532D-517B-4CE2-AFDD-ACE39293493B}.Release|Any CPU.ActiveCfg = Release|Any CPU
		{31CA532D-517B-4CE2-AFDD-ACE39293493B}.Release|Any CPU.Build.0 = Release|Any CPU
	EndGlobalSection
	GlobalSection(SolutionProperties) = preSolution
		HideSolutionNode = FALSE
	EndGlobalSection
	GlobalSection(ExtensibilityGlobals) = postSolution
		SolutionGuid = {72E9E7A3-9789-40EC-AB6F-60D0BAF8AAA3}
	EndGlobalSection
EndGlobal
